
Microsoft Visual Studio Solution File, Format Version 12.00
# Visual Studio 15
VisualStudioVersion = 15.0.28307.329
MinimumVisualStudioVersion = 10.0.40219.1
Project("{9A19103F-16F7-4668-BE54-9A1E7A4F7556}") = "hNext.Model", "hNext.Model\hNext.Model.csproj", "{DC2374F4-DE0E-4F2B-B69A-FCB79EB9CF95}"
EndProject
Project("{9A19103F-16F7-4668-BE54-9A1E7A4F7556}") = "hNext.DbAccessMSSQLCore", "hNext.DbAccessMSSQLCore\hNext.DbAccessMSSQLCore.csproj", "{1DA75F47-2CD3-48D7-81CE-EFC24B5D5718}"
EndProject
Project("{9A19103F-16F7-4668-BE54-9A1E7A4F7556}") = "hNext.MSSQLCoreRepository", "hNext.MSSQLCoreRepository\hNext.MSSQLCoreRepository.csproj", "{2BF709AA-FA2F-45B9-83EA-100954F6225C}"
EndProject
Project("{9A19103F-16F7-4668-BE54-9A1E7A4F7556}") = "hNext.IRepository", "hNext.IRepository\hNext.IRepository.csproj", "{7C9E6847-8C50-4912-827D-6CB999940EAA}"
EndProject
Project("{9A19103F-16F7-4668-BE54-9A1E7A4F7556}") = "hNext.DataService", "hNext.DataService\hNext.DataService.csproj", "{D4B0E918-7AAB-43A8-BF54-A8C5F656D50E}"
EndProject
Project("{9A19103F-16F7-4668-BE54-9A1E7A4F7556}") = "hNext.WebClient", "hNext.WebClient\hNext.WebClient.csproj", "{0A57309B-A63B-4998-A1DE-312CFECE0808}"
EndProject
Project("{9A19103F-16F7-4668-BE54-9A1E7A4F7556}") = "hNext.Infrastructure", "hNext.Infrastructure\hNext.Infrastructure.csproj", "{06764809-DC83-4E67-9D2C-6A98CFB48D53}"
EndProject
Project("{9A19103F-16F7-4668-BE54-9A1E7A4F7556}") = "hNext.ResourceLibrary", "hNext.ResourceLibrary\hNext.ResourceLibrary.csproj", "{6B99B50C-EF73-4B92-ADD2-EC6BB55F06AF}"
EndProject
Project("{9A19103F-16F7-4668-BE54-9A1E7A4F7556}") = "hNext.DataService.Tests", "hNext.DataService.Tests\hNext.DataService.Tests.csproj", "{03DC768E-CC7E-4E85-A127-3558092929EB}"
EndProject
Project("{9A19103F-16F7-4668-BE54-9A1E7A4F7556}") = "hNext.WebClient.Tests", "hNext.WebClient.Tests\hNext.WebClient.Tests.csproj", "{2594BA82-6E84-4FB7-9186-836408858B56}"
EndProject
Project("{9A19103F-16F7-4668-BE54-9A1E7A4F7556}") = "hNext.MSSQLCoreRepository.Tests", "hNext.MSSQLCoreRepository.Tests\hNext.MSSQLCoreRepository.Tests.csproj", "{E90DDB24-BC46-4D58-8DBD-9813D12D73B3}"
EndProject
Project("{FAE04EC0-301F-11D3-BF4B-00C04F79EFBC}") = "hNext.DataBaseDataFiller", "hNext.DataBaseDataFiller\hNext.DataBaseDataFiller.csproj", "{A95B010B-137A-4B82-AA85-F2930FC7FD75}"
EndProject
Global
	GlobalSection(SolutionConfigurationPlatforms) = preSolution
		Debug|Any CPU = Debug|Any CPU
		Release|Any CPU = Release|Any CPU
	EndGlobalSection
	GlobalSection(ProjectConfigurationPlatforms) = postSolution
		{DC2374F4-DE0E-4F2B-B69A-FCB79EB9CF95}.Debug|Any CPU.ActiveCfg = Debug|Any CPU
		{DC2374F4-DE0E-4F2B-B69A-FCB79EB9CF95}.Debug|Any CPU.Build.0 = Debug|Any CPU
		{DC2374F4-DE0E-4F2B-B69A-FCB79EB9CF95}.Release|Any CPU.ActiveCfg = Release|Any CPU
		{DC2374F4-DE0E-4F2B-B69A-FCB79EB9CF95}.Release|Any CPU.Build.0 = Release|Any CPU
		{1DA75F47-2CD3-48D7-81CE-EFC24B5D5718}.Debug|Any CPU.ActiveCfg = Debug|Any CPU
		{1DA75F47-2CD3-48D7-81CE-EFC24B5D5718}.Debug|Any CPU.Build.0 = Debug|Any CPU
		{1DA75F47-2CD3-48D7-81CE-EFC24B5D5718}.Release|Any CPU.ActiveCfg = Release|Any CPU
		{1DA75F47-2CD3-48D7-81CE-EFC24B5D5718}.Release|Any CPU.Build.0 = Release|Any CPU
		{2BF709AA-FA2F-45B9-83EA-100954F6225C}.Debug|Any CPU.ActiveCfg = Debug|Any CPU
		{2BF709AA-FA2F-45B9-83EA-100954F6225C}.Debug|Any CPU.Build.0 = Debug|Any CPU
		{2BF709AA-FA2F-45B9-83EA-100954F6225C}.Release|Any CPU.ActiveCfg = Release|Any CPU
		{2BF709AA-FA2F-45B9-83EA-100954F6225C}.Release|Any CPU.Build.0 = Release|Any CPU
		{7C9E6847-8C50-4912-827D-6CB999940EAA}.Debug|Any CPU.ActiveCfg = Debug|Any CPU
		{7C9E6847-8C50-4912-827D-6CB999940EAA}.Debug|Any CPU.Build.0 = Debug|Any CPU
		{7C9E6847-8C50-4912-827D-6CB999940EAA}.Release|Any CPU.ActiveCfg = Release|Any CPU
		{7C9E6847-8C50-4912-827D-6CB999940EAA}.Release|Any CPU.Build.0 = Release|Any CPU
		{D4B0E918-7AAB-43A8-BF54-A8C5F656D50E}.Debug|Any CPU.ActiveCfg = Debug|Any CPU
		{D4B0E918-7AAB-43A8-BF54-A8C5F656D50E}.Debug|Any CPU.Build.0 = Debug|Any CPU
		{D4B0E918-7AAB-43A8-BF54-A8C5F656D50E}.Release|Any CPU.ActiveCfg = Release|Any CPU
		{D4B0E918-7AAB-43A8-BF54-A8C5F656D50E}.Release|Any CPU.Build.0 = Release|Any CPU
		{0A57309B-A63B-4998-A1DE-312CFECE0808}.Debug|Any CPU.ActiveCfg = Debug|Any CPU
		{0A57309B-A63B-4998-A1DE-312CFECE0808}.Debug|Any CPU.Build.0 = Debug|Any CPU
		{0A57309B-A63B-4998-A1DE-312CFECE0808}.Release|Any CPU.ActiveCfg = Release|Any CPU
		{0A57309B-A63B-4998-A1DE-312CFECE0808}.Release|Any CPU.Build.0 = Release|Any CPU
		{06764809-DC83-4E67-9D2C-6A98CFB48D53}.Debug|Any CPU.ActiveCfg = Debug|Any CPU
		{06764809-DC83-4E67-9D2C-6A98CFB48D53}.Debug|Any CPU.Build.0 = Debug|Any CPU
		{06764809-DC83-4E67-9D2C-6A98CFB48D53}.Release|Any CPU.ActiveCfg = Release|Any CPU
		{06764809-DC83-4E67-9D2C-6A98CFB48D53}.Release|Any CPU.Build.0 = Release|Any CPU
		{6B99B50C-EF73-4B92-ADD2-EC6BB55F06AF}.Debug|Any CPU.ActiveCfg = Debug|Any CPU
		{6B99B50C-EF73-4B92-ADD2-EC6BB55F06AF}.Debug|Any CPU.Build.0 = Debug|Any CPU
		{6B99B50C-EF73-4B92-ADD2-EC6BB55F06AF}.Release|Any CPU.ActiveCfg = Release|Any CPU
		{6B99B50C-EF73-4B92-ADD2-EC6BB55F06AF}.Release|Any CPU.Build.0 = Release|Any CPU
		{03DC768E-CC7E-4E85-A127-3558092929EB}.Debug|Any CPU.ActiveCfg = Debug|Any CPU
		{03DC768E-CC7E-4E85-A127-3558092929EB}.Debug|Any CPU.Build.0 = Debug|Any CPU
		{03DC768E-CC7E-4E85-A127-3558092929EB}.Release|Any CPU.ActiveCfg = Release|Any CPU
		{03DC768E-CC7E-4E85-A127-3558092929EB}.Release|Any CPU.Build.0 = Release|Any CPU
		{2594BA82-6E84-4FB7-9186-836408858B56}.Debug|Any CPU.ActiveCfg = Debug|Any CPU
		{2594BA82-6E84-4FB7-9186-836408858B56}.Debug|Any CPU.Build.0 = Debug|Any CPU
		{2594BA82-6E84-4FB7-9186-836408858B56}.Release|Any CPU.ActiveCfg = Release|Any CPU
		{2594BA82-6E84-4FB7-9186-836408858B56}.Release|Any CPU.Build.0 = Release|Any CPU
		{E90DDB24-BC46-4D58-8DBD-9813D12D73B3}.Debug|Any CPU.ActiveCfg = Debug|Any CPU
		{E90DDB24-BC46-4D58-8DBD-9813D12D73B3}.Debug|Any CPU.Build.0 = Debug|Any CPU
		{E90DDB24-BC46-4D58-8DBD-9813D12D73B3}.Release|Any CPU.ActiveCfg = Release|Any CPU
		{E90DDB24-BC46-4D58-8DBD-9813D12D73B3}.Release|Any CPU.Build.0 = Release|Any CPU
		{A95B010B-137A-4B82-AA85-F2930FC7FD75}.Debug|Any CPU.ActiveCfg = Debug|Any CPU
		{A95B010B-137A-4B82-AA85-F2930FC7FD75}.Debug|Any CPU.Build.0 = Debug|Any CPU
		{A95B010B-137A-4B82-AA85-F2930FC7FD75}.Release|Any CPU.ActiveCfg = Release|Any CPU
		{A95B010B-137A-4B82-AA85-F2930FC7FD75}.Release|Any CPU.Build.0 = Release|Any CPU
	EndGlobalSection
	GlobalSection(SolutionProperties) = preSolution
		HideSolutionNode = FALSE
	EndGlobalSection
	GlobalSection(ExtensibilityGlobals) = postSolution
		SolutionGuid = {B8AAAE79-30C7-4409-8659-213195AAB586}
	EndGlobalSection
EndGlobal
